
Microsoft Visual Studio Solution File, Format Version 12.00
# Visual Studio Version 16
VisualStudioVersion = 16.0.29728.190
MinimumVisualStudioVersion = 10.0.40219.1
Project("{FAE04EC0-301F-11D3-BF4B-00C04F79EFBC}") = "AddStuff2", "AddStuff2.csproj", "{BBFA6514-E0F0-4A7B-918F-045D108C3AD5}"
EndProject
Global
	GlobalSection(SolutionConfigurationPlatforms) = preSolution
		Debug|Any CPU = Debug|Any CPU
		Release|Any CPU = Release|Any CPU
	EndGlobalSection
	GlobalSection(ProjectConfigurationPlatforms) = postSolution
		{BBFA6514-E0F0-4A7B-918F-045D108C3AD5}.Debug|Any CPU.ActiveCfg = Debug|Any CPU
		{BBFA6514-E0F0-4A7B-918F-045D108C3AD5}.Debug|Any CPU.Build.0 = Debug|Any CPU
		{BBFA6514-E0F0-4A7B-918F-045D108C3AD5}.Release|Any CPU.ActiveCfg = Release|Any CPU
		{BBFA6514-E0F0-4A7B-918F-045D108C3AD5}.Release|Any CPU.Build.0 = Release|Any CPU
	EndGlobalSection
	GlobalSection(SolutionProperties) = preSolution
		HideSolutionNode = FALSE
	EndGlobalSection
	GlobalSection(ExtensibilityGlobals) = postSolution
		SolutionGuid = {16911CE1-A864-4148-BC02-610D05F2B15D}
	EndGlobalSection
EndGlobal
